
Microsoft Visual Studio Solution File, Format Version 12.00
# Visual Studio Version 17
VisualStudioVersion = 17.8.34330.188
MinimumVisualStudioVersion = 10.0.40219.1
Project("{FAE04EC0-301F-11D3-BF4B-00C04F79EFBC}") = "AuthenticationAuthorization", "AuthenticationAuthorization.csproj", "{7DED39C9-3E3D-41F8-8FE1-BBD5D341683A}"
EndProject
Project("{FAE04EC0-301F-11D3-BF4B-00C04F79EFBC}") = "AABLL", "..\AABLL\AABLL.csproj", "{DCB89D13-33AB-4C98-AB56-4682089303BB}"
EndProject
Project("{FAE04EC0-301F-11D3-BF4B-00C04F79EFBC}") = "AADAL", "..\AADAL\AADAL.csproj", "{27167EA6-55D9-48EC-B83B-3734045A3E36}"
EndProject
Global
	GlobalSection(SolutionConfigurationPlatforms) = preSolution
		Debug|Any CPU = Debug|Any CPU
		Release|Any CPU = Release|Any CPU
	EndGlobalSection
	GlobalSection(ProjectConfigurationPlatforms) = postSolution
		{7DED39C9-3E3D-41F8-8FE1-BBD5D341683A}.Debug|Any CPU.ActiveCfg = Debug|Any CPU
		{7DED39C9-3E3D-41F8-8FE1-BBD5D341683A}.Debug|Any CPU.Build.0 = Debug|Any CPU
		{7DED39C9-3E3D-41F8-8FE1-BBD5D341683A}.Release|Any CPU.ActiveCfg = Release|Any CPU
		{7DED39C9-3E3D-41F8-8FE1-BBD5D341683A}.Release|Any CPU.Build.0 = Release|Any CPU
		{DCB89D13-33AB-4C98-AB56-4682089303BB}.Debug|Any CPU.ActiveCfg = Debug|Any CPU
		{DCB89D13-33AB-4C98-AB56-4682089303BB}.Debug|Any CPU.Build.0 = Debug|Any CPU
		{DCB89D13-33AB-4C98-AB56-4682089303BB}.Release|Any CPU.ActiveCfg = Release|Any CPU
		{DCB89D13-33AB-4C98-AB56-4682089303BB}.Release|Any CPU.Build.0 = Release|Any CPU
		{27167EA6-55D9-48EC-B83B-3734045A3E36}.Debug|Any CPU.ActiveCfg = Debug|Any CPU
		{27167EA6-55D9-48EC-B83B-3734045A3E36}.Debug|Any CPU.Build.0 = Debug|Any CPU
		{27167EA6-55D9-48EC-B83B-3734045A3E36}.Release|Any CPU.ActiveCfg = Release|Any CPU
		{27167EA6-55D9-48EC-B83B-3734045A3E36}.Release|Any CPU.Build.0 = Release|Any CPU
	EndGlobalSection
	GlobalSection(SolutionProperties) = preSolution
		HideSolutionNode = FALSE
	EndGlobalSection
	GlobalSection(ExtensibilityGlobals) = postSolution
		SolutionGuid = {A1A7D848-0F7B-44DF-A4C9-B286740E6D5F}
	EndGlobalSection
EndGlobal
